
Microsoft Visual Studio Solution File, Format Version 12.00
# Visual Studio Version 17
VisualStudioVersion = 17.3.32922.545
MinimumVisualStudioVersion = 10.0.40219.1
Project("{FAE04EC0-301F-11D3-BF4B-00C04F79EFBC}") = "Prueba Tecnica Jimena Alvarez", "Prueba Tecnica Jimena Alvarez.csproj", "{CCBAF94F-D79F-4E8D-B233-83A1AC9327EF}"
EndProject
Global
	GlobalSection(SolutionConfigurationPlatforms) = preSolution
		Debug|Any CPU = Debug|Any CPU
		Release|Any CPU = Release|Any CPU
	EndGlobalSection
	GlobalSection(ProjectConfigurationPlatforms) = postSolution
		{CCBAF94F-D79F-4E8D-B233-83A1AC9327EF}.Debug|Any CPU.ActiveCfg = Debug|Any CPU
		{CCBAF94F-D79F-4E8D-B233-83A1AC9327EF}.Debug|Any CPU.Build.0 = Debug|Any CPU
		{CCBAF94F-D79F-4E8D-B233-83A1AC9327EF}.Release|Any CPU.ActiveCfg = Release|Any CPU
		{CCBAF94F-D79F-4E8D-B233-83A1AC9327EF}.Release|Any CPU.Build.0 = Release|Any CPU
	EndGlobalSection
	GlobalSection(SolutionProperties) = preSolution
		HideSolutionNode = FALSE
	EndGlobalSection
	GlobalSection(ExtensibilityGlobals) = postSolution
		SolutionGuid = {26A010F7-CFB5-4F2D-8BF7-2B275DF4E553}
	EndGlobalSection
EndGlobal
